// !$*UTF8*$!
{
	archiveVersion = 1;
	classes = {
	};
	objectVersion = 56;
	objects = {

/* Begin PBXBuildFile section */
		7F00D19E49DCB0ABB4A6A877 /* Pods_FlowerLens.framework in Frameworks */ = {isa = PBXBuildFile; fileRef = FB30C0ED97AE5CAE257CCCE8 /* Pods_FlowerLens.framework */; };
		ABAE1FF82B6FF69100ECB884 /* AppDelegate.swift in Sources */ = {isa = PBXBuildFile; fileRef = ABAE1FF72B6FF69100ECB884 /* AppDelegate.swift */; };
		ABAE1FFA2B6FF69100ECB884 /* SceneDelegate.swift in Sources */ = {isa = PBXBuildFile; fileRef = ABAE1FF92B6FF69100ECB884 /* SceneDelegate.swift */; };
		ABAE1FFC2B6FF69100ECB884 /* ViewController.swift in Sources */ = {isa = PBXBuildFile; fileRef = ABAE1FFB2B6FF69100ECB884 /* ViewController.swift */; };
		ABAE1FFF2B6FF69100ECB884 /* Main.storyboard in Resources */ = {isa = PBXBuildFile; fileRef = ABAE1FFD2B6FF69100ECB884 /* Main.storyboard */; };
		ABAE20012B6FF69200ECB884 /* Assets.xcassets in Resources */ = {isa = PBXBuildFile; fileRef = ABAE20002B6FF69200ECB884 /* Assets.xcassets */; };
		ABAE20042B6FF69200ECB884 /* LaunchScreen.storyboard in Resources */ = {isa = PBXBuildFile; fileRef = ABAE20022B6FF69200ECB884 /* LaunchScreen.storyboard */; };
		ABAE200C2B6FF6D800ECB884 /* FlowerClassifier.mlmodel in Sources */ = {isa = PBXBuildFile; fileRef = ABAE200B2B6FF6D800ECB884 /* FlowerClassifier.mlmodel */; };
/* End PBXBuildFile section */

/* Begin PBXFileReference section */
		ABAE1FF42B6FF69100ECB884 /* FlowerLens.app */ = {isa = PBXFileReference; explicitFileType = wrapper.application; includeInIndex = 0; path = FlowerLens.app; sourceTree = BUILT_PRODUCTS_DIR; };
		ABAE1FF72B6FF69100ECB884 /* AppDelegate.swift */ = {isa = PBXFileReference; lastKnownFileType = sourcecode.swift; path = AppDelegate.swift; sourceTree = "<group>"; };
		ABAE1FF92B6FF69100ECB884 /* SceneDelegate.swift */ = {isa = PBXFileReference; lastKnownFileType = sourcecode.swift; path = SceneDelegate.swift; sourceTree = "<group>"; };
		ABAE1FFB2B6FF69100ECB884 /* ViewController.swift */ = {isa = PBXFileReference; lastKnownFileType = sourcecode.swift; path = ViewController.swift; sourceTree = "<group>"; };
		ABAE1FFE2B6FF69100ECB884 /* Base */ = {isa = PBXFileReference; lastKnownFileType = file.storyboard; name = Base; path = Base.lproj/Main.storyboard; sourceTree = "<group>"; };
		ABAE20002B6FF69200ECB884 /* Assets.xcassets */ = {isa = PBXFileReference; lastKnownFileType = folder.assetcatalog; path = Assets.xcassets; sourceTree = "<group>"; };
		ABAE20032B6FF69200ECB884 /* Base */ = {isa = PBXFileReference; lastKnownFileType = file.storyboard; name = Base; path = Base.lproj/LaunchScreen.storyboard; sourceTree = "<group>"; };
		ABAE20052B6FF69200ECB884 /* Info.plist */ = {isa = PBXFileReference; lastKnownFileType = text.plist.xml; path = Info.plist; sourceTree = "<group>"; };
		ABAE200B2B6FF6D800ECB884 /* FlowerClassifier.mlmodel */ = {isa = PBXFileReference; lastKnownFileType = file.mlmodel; path = FlowerClassifier.mlmodel; sourceTree = "<group>"; };
		C4F8E49935725DCD3BFB2EB4 /* Pods-FlowerLens.release.xcconfig */ = {isa = PBXFileReference; includeInIndex = 1; lastKnownFileType = text.xcconfig; name = "Pods-FlowerLens.release.xcconfig"; path = "Target Support Files/Pods-FlowerLens/Pods-FlowerLens.release.xcconfig"; sourceTree = "<group>"; };
		CB4185EDCBF18BC1B3F6CC08 /* Pods-FlowerLens.debug.xcconfig */ = {isa = PBXFileReference; includeInIndex = 1; lastKnownFileType = text.xcconfig; name = "Pods-FlowerLens.debug.xcconfig"; path = "Target Support Files/Pods-FlowerLens/Pods-FlowerLens.debug.xcconfig"; sourceTree = "<group>"; };
		FB30C0ED97AE5CAE257CCCE8 /* Pods_FlowerLens.framework */ = {isa = PBXFileReference; explicitFileType = wrapper.framework; includeInIndex = 0; path = Pods_FlowerLens.framework; sourceTree = BUILT_PRODUCTS_DIR; };
/* End PBXFileReference section */

/* Begin PBXFrameworksBuildPhase section */
		ABAE1FF12B6FF69100ECB884 /* Frameworks */ = {
			isa = PBXFrameworksBuildPhase;
			buildActionMask = 2147483647;
			files = (
				7F00D19E49DCB0ABB4A6A877 /* Pods_FlowerLens.framework in Frameworks */,
			);
			runOnlyForDeploymentPostprocessing = 0;
		};
/* End PBXFrameworksBuildPhase section */

/* Begin PBXGroup section */
		40323B9F5D180164DE5FEC0D /* Frameworks */ = {
			isa = PBXGroup;
			children = (
				FB30C0ED97AE5CAE257CCCE8 /* Pods_FlowerLens.framework */,
			);
			name = Frameworks;
			sourceTree = "<group>";
		};
		ABAE1FEB2B6FF69100ECB884 = {
			isa = PBXGroup;
			children = (
				ABAE1FF62B6FF69100ECB884 /* FlowerLens */,
				ABAE1FF52B6FF69100ECB884 /* Products */,
				CD4D748CF95C10309E96D2F4 /* Pods */,
				40323B9F5D180164DE5FEC0D /* Frameworks */,
			);
			sourceTree = "<group>";
		};
		ABAE1FF52B6FF69100ECB884 /* Products */ = {
			isa = PBXGroup;
			children = (
				ABAE1FF42B6FF69100ECB884 /* FlowerLens.app */,
			);
			name = Products;
			sourceTree = "<group>";
		};
		ABAE1FF62B6FF69100ECB884 /* FlowerLens */ = {
			isa = PBXGroup;
			children = (
				ABAE1FF72B6FF69100ECB884 /* AppDelegate.swift */,
				ABAE1FF92B6FF69100ECB884 /* SceneDelegate.swift */,
				ABAE1FFB2B6FF69100ECB884 /* ViewController.swift */,
				ABAE1FFD2B6FF69100ECB884 /* Main.storyboard */,
				ABAE20002B6FF69200ECB884 /* Assets.xcassets */,
				ABAE20022B6FF69200ECB884 /* LaunchScreen.storyboard */,
				ABAE200B2B6FF6D800ECB884 /* FlowerClassifier.mlmodel */,
				ABAE20052B6FF69200ECB884 /* Info.plist */,
			);
			path = FlowerLens;
			sourceTree = "<group>";
		};
		CD4D748CF95C10309E96D2F4 /* Pods */ = {
			isa = PBXGroup;
			children = (
				CB4185EDCBF18BC1B3F6CC08 /* Pods-FlowerLens.debug.xcconfig */,
				C4F8E49935725DCD3BFB2EB4 /* Pods-FlowerLens.release.xcconfig */,
			);
			path = Pods;
			sourceTree = "<group>";
		};
/* End PBXGroup section */

/* Begin PBXNativeTarget section */
		ABAE1FF32B6FF69100ECB884 /* FlowerLens */ = {
			isa = PBXNativeTarget;
			buildConfigurationList = ABAE20082B6FF69200ECB884 /* Build configuration list for PBXNativeTarget "FlowerLens" */;
			buildPhases = (
				23620FA16F6B63D42D1618FF /* [CP] Check Pods Manifest.lock */,
				ABAE1FF02B6FF69100ECB884 /* Sources */,
				ABAE1FF12B6FF69100ECB884 /* Frameworks */,
				ABAE1FF22B6FF69100ECB884 /* Resources */,
				3A935725572338072251E174 /* [CP] Embed Pods Frameworks */,
			);
			buildRules = (
			);
			dependencies = (
			);
			name = FlowerLens;
			productName = FlowerLens;
			productReference = ABAE1FF42B6FF69100ECB884 /* FlowerLens.app */;
			productType = "com.apple.product-type.application";
		};
/* End PBXNativeTarget section */

/* Begin PBXProject section */
		ABAE1FEC2B6FF69100ECB884 /* Project object */ = {
			isa = PBXProject;
			attributes = {
				BuildIndependentTargetsInParallel = 1;
				LastSwiftUpdateCheck = 1510;
				LastUpgradeCheck = 1510;
				TargetAttributes = {
					ABAE1FF32B6FF69100ECB884 = {
						CreatedOnToolsVersion = 15.1;
					};
				};
			};
			buildConfigurationList = ABAE1FEF2B6FF69100ECB884 /* Build configuration list for PBXProject "FlowerLens" */;
			compatibilityVersion = "Xcode 14.0";
			developmentRegion = en;
			hasScannedForEncodings = 0;
			knownRegions = (
				en,
				Base,
			);
			mainGroup = ABAE1FEB2B6FF69100ECB884;
			productRefGroup = ABAE1FF52B6FF69100ECB884 /* Products */;
			projectDirPath = "";
			projectRoot = "";
			targets = (
				ABAE1FF32B6FF69100ECB884 /* FlowerLens */,
			);
		};
/* End PBXProject section */

/* Begin PBXResourcesBuildPhase section */
		ABAE1FF22B6FF69100ECB884 /* Resources */ = {
			isa = PBXResourcesBuildPhase;
			buildActionMask = 2147483647;
			files = (
				ABAE20042B6FF69200ECB884 /* LaunchScreen.storyboard in Resources */,
				ABAE20012B6FF69200ECB884 /* Assets.xcassets in Resources */,
				ABAE1FFF2B6FF69100ECB884 /* Main.storyboard in Resources */,
			);
			runOnlyForDeploymentPostprocessing = 0;
		};
/* End PBXResourcesBuildPhase section */

/* Begin PBXShellScriptBuildPhase section */
		23620FA16F6B63D42D1618FF /* [CP] Check Pods Manifest.lock */ = {
			isa = PBXShellScriptBuildPhase;
			buildActionMask = 2147483647;
			files = (
			);
			inputFileListPaths = (
			);
			inputPaths = (
				"${PODS_PODFILE_DIR_PATH}/Podfile.lock",
				"${PODS_ROOT}/Manifest.lock",
			);
			name = "[CP] Check Pods Manifest.lock";
			outputFileListPaths = (
			);
			outputPaths = (
				"$(DERIVED_FILE_DIR)/Pods-FlowerLens-checkManifestLockResult.txt",
			);
			runOnlyForDeploymentPostprocessing = 0;
			shellPath = /bin/sh;
			shellScript = "diff \"${PODS_PODFILE_DIR_PATH}/Podfile.lock\" \"${PODS_ROOT}/Manifest.lock\" > /dev/null\nif [ $? != 0 ] ; then\n    # print error to STDERR\n    echo \"error: The sandbox is not in sync with the Podfile.lock. Run 'pod install' or update your CocoaPods installation.\" >&2\n    exit 1\nfi\n# This output is used by Xcode 'outputs' to avoid re-running this script phase.\necho \"SUCCESS\" > \"${SCRIPT_OUTPUT_FILE_0}\"\n";
			showEnvVarsInLog = 0;
		};
		3A935725572338072251E174 /* [CP] Embed Pods Frameworks */ = {
			isa = PBXShellScriptBuildPhase;
			buildActionMask = 2147483647;
			files = (
			);
			inputFileListPaths = (
				"${PODS_ROOT}/Target Support Files/Pods-FlowerLens/Pods-FlowerLens-frameworks-${CONFIGURATION}-input-files.xcfilelist",
			);
			name = "[CP] Embed Pods Frameworks";
			outputFileListPaths = (
				"${PODS_ROOT}/Target Support Files/Pods-FlowerLens/Pods-FlowerLens-frameworks-${CONFIGURATION}-output-files.xcfilelist",
			);
			runOnlyForDeploymentPostprocessing = 0;
			shellPath = /bin/sh;
			shellScript = "\"${PODS_ROOT}/Target Support Files/Pods-FlowerLens/Pods-FlowerLens-frameworks.sh\"\n";
			showEnvVarsInLog = 0;
		};
/* End PBXShellScriptBuildPhase section */

/* Begin PBXSourcesBuildPhase section */
		ABAE1FF02B6FF69100ECB884 /* Sources */ = {
			isa = PBXSourcesBuildPhase;
			buildActionMask = 2147483647;
			files = (
				ABAE200C2B6FF6D800ECB884 /* FlowerClassifier.mlmodel in Sources */,
				ABAE1FFC2B6FF69100ECB884 /* ViewController.swift in Sources */,
				ABAE1FF82B6FF69100ECB884 /* AppDelegate.swift in Sources */,
				ABAE1FFA2B6FF69100ECB884 /* SceneDelegate.swift in Sources */,
			);
			runOnlyForDeploymentPostprocessing = 0;
		};
/* End PBXSourcesBuildPhase section */

/* Begin PBXVariantGroup section */
		ABAE1FFD2B6FF69100ECB884 /* Main.storyboard */ = {
			isa = PBXVariantGroup;
			children = (
				ABAE1FFE2B6FF69100ECB884 /* Base */,
			);
			name = Main.storyboard;
			sourceTree = "<group>";
		};
		ABAE20022B6FF69200ECB884 /* LaunchScreen.storyboard */ = {
			isa = PBXVariantGroup;
			children = (
				ABAE20032B6FF69200ECB884 /* Base */,
			);
			name = LaunchScreen.storyboard;
			sourceTree = "<group>";
		};
/* End PBXVariantGroup section */

/* Begin XCBuildConfiguration section */
		ABAE20062B6FF69200ECB884 /* Debug */ = {
			isa = XCBuildConfiguration;
			buildSettings = {
				ALWAYS_SEARCH_USER_PATHS = NO;
				ASSETCATALOG_COMPILER_GENERATE_SWIFT_ASSET_SYMBOL_EXTENSIONS = YES;
				CLANG_ANALYZER_NONNULL = YES;
				CLANG_ANALYZER_NUMBER_OBJECT_CONVERSION = YES_AGGRESSIVE;
				CLANG_CXX_LANGUAGE_STANDARD = "gnu++20";
				CLANG_ENABLE_MODULES = YES;
				CLANG_ENABLE_OBJC_ARC = YES;
				CLANG_ENABLE_OBJC_WEAK = YES;
				CLANG_WARN_BLOCK_CAPTURE_AUTORELEASING = YES;
				CLANG_WARN_BOOL_CONVERSION = YES;
				CLANG_WARN_COMMA = YES;
				CLANG_WARN_CONSTANT_CONVERSION = YES;
				CLANG_WARN_DEPRECATED_OBJC_IMPLEMENTATIONS = YES;
				CLANG_WARN_DIRECT_OBJC_ISA_USAGE = YES_ERROR;
				CLANG_WARN_DOCUMENTATION_COMMENTS = YES;
				CLANG_WARN_EMPTY_BODY = YES;
				CLANG_WARN_ENUM_CONVERSION = YES;
				CLANG_WARN_INFINITE_RECURSION = YES;
				CLANG_WARN_INT_CONVERSION = YES;
				CLANG_WARN_NON_LITERAL_NULL_CONVERSION = YES;
				CLANG_WARN_OBJC_IMPLICIT_RETAIN_SELF = YES;
				CLANG_WARN_OBJC_LITERAL_CONVERSION = YES;
				CLANG_WARN_OBJC_ROOT_CLASS = YES_ERROR;
				CLANG_WARN_QUOTED_INCLUDE_IN_FRAMEWORK_HEADER = YES;
				CLANG_WARN_RANGE_LOOP_ANALYSIS = YES;
				CLANG_WARN_STRICT_PROTOTYPES = YES;
				CLANG_WARN_SUSPICIOUS_MOVE = YES;
				CLANG_WARN_UNGUARDED_AVAILABILITY = YES_AGGRESSIVE;
				CLANG_WARN_UNREACHABLE_CODE = YES;
				CLANG_WARN__DUPLICATE_METHOD_MATCH = YES;
				COPY_PHASE_STRIP = NO;
				DEBUG_INFORMATION_FORMAT = dwarf;
				ENABLE_STRICT_OBJC_MSGSEND = YES;
				ENABLE_TESTABILITY = YES;
				ENABLE_USER_SCRIPT_SANDBOXING = YES;
				GCC_C_LANGUAGE_STANDARD = gnu17;
				GCC_DYNAMIC_NO_PIC = NO;
				GCC_NO_COMMON_BLOCKS = YES;
				GCC_OPTIMIZATION_LEVEL = 0;
				GCC_PREPROCESSOR_DEFINITIONS = (
					"DEBUG=1",
					"$(inherited)",
				);
				GCC_WARN_64_TO_32_BIT_CONVERSION = YES;
				GCC_WARN_ABOUT_RETURN_TYPE = YES_ERROR;
				GCC_WARN_UNDECLARED_SELECTOR = YES;
				GCC_WARN_UNINITIALIZED_AUTOS = YES_AGGRESSIVE;
				GCC_WARN_UNUSED_FUNCTION = YES;
				GCC_WARN_UNUSED_VARIABLE = YES;
				IPHONEOS_DEPLOYMENT_TARGET = 13.0;
				LOCALIZATION_PREFERS_STRING_CATALOGS = YES;
				MTL_ENABLE_DEBUG_INFO = INCLUDE_SOURCE;
				MTL_FAST_MATH = YES;
				ONLY_ACTIVE_ARCH = YES;
				SDKROOT = iphoneos;
				SWIFT_ACTIVE_COMPILATION_CONDITIONS = "DEBUG $(inherited)";
				SWIFT_OPTIMIZATION_LEVEL = "-Onone";
			};
			name = Debug;
		};
		ABAE20072B6FF69200ECB884 /* Release */ = {
			isa = XCBuildConfiguration;
			buildSettings = {
				ALWAYS_SEARCH_USER_PATHS = NO;
				ASSETCATALOG_COMPILER_GENERATE_SWIFT_ASSET_SYMBOL_EXTENSIONS = YES;
				CLANG_ANALYZER_NONNULL = YES;
				CLANG_ANALYZER_NUMBER_OBJECT_CONVERSION = YES_AGGRESSIVE;
				CLANG_CXX_LANGUAGE_STANDARD = "gnu++20";
				CLANG_ENABLE_MODULES = YES;
				CLANG_ENABLE_OBJC_ARC = YES;
				CLANG_ENABLE_OBJC_WEAK = YES;
				CLANG_WARN_BLOCK_CAPTURE_AUTORELEASING = YES;
				CLANG_WARN_BOOL_CONVERSION = YES;
				CLANG_WARN_COMMA = YES;
				CLANG_WARN_CONSTANT_CONVERSION = YES;
				CLANG_WARN_DEPRECATED_OBJC_IMPLEMENTATIONS = YES;
				CLANG_WARN_DIRECT_OBJC_ISA_USAGE = YES_ERROR;
				CLANG_WARN_DOCUMENTATION_COMMENTS = YES;
				CLANG_WARN_EMPTY_BODY = YES;
				CLANG_WARN_ENUM_CONVERSION = YES;
				CLANG_WARN_INFINITE_RECURSION = YES;
				CLANG_WARN_INT_CONVERSION = YES;
				CLANG_WARN_NON_LITERAL_NULL_CONVERSION = YES;
				CLANG_WARN_OBJC_IMPLICIT_RETAIN_SELF = YES;
				CLANG_WARN_OBJC_LITERAL_CONVERSION = YES;
				CLANG_WARN_OBJC_ROOT_CLASS = YES_ERROR;
				CLANG_WARN_QUOTED_INCLUDE_IN_FRAMEWORK_HEADER = YES;
				CLANG_WARN_RANGE_LOOP_ANALYSIS = YES;
				CLANG_WARN_STRICT_PROTOTYPES = YES;
				CLANG_WARN_SUSPICIOUS_MOVE = YES;
				CLANG_WARN_UNGUARDED_AVAILABILITY = YES_AGGRESSIVE;
				CLANG_WARN_UNREACHABLE_CODE = YES;
				CLANG_WARN__DUPLICATE_METHOD_MATCH = YES;
				COPY_PHASE_STRIP = NO;
				DEBUG_INFORMATION_FORMAT = "dwarf-with-dsym";
				ENABLE_NS_ASSERTIONS = NO;
				ENABLE_STRICT_OBJC_MSGSEND = YES;
				ENABLE_USER_SCRIPT_SANDBOXING = YES;
				GCC_C_LANGUAGE_STANDARD = gnu17;
				GCC_NO_COMMON_BLOCKS = YES;
				GCC_WARN_64_TO_32_BIT_CONVERSION = YES;
				GCC_WARN_ABOUT_RETURN_TYPE = YES_ERROR;
				GCC_WARN_UNDECLARED_SELECTOR = YES;
				GCC_WARN_UNINITIALIZED_AUTOS = YES_AGGRESSIVE;
				GCC_WARN_UNUSED_FUNCTION = YES;
				GCC_WARN_UNUSED_VARIABLE = YES;
				IPHONEOS_DEPLOYMENT_TARGET = 13.0;
				LOCALIZATION_PREFERS_STRING_CATALOGS = YES;
				MTL_ENABLE_DEBUG_INFO = NO;
				MTL_FAST_MATH = YES;
				SDKROOT = iphoneos;
				SWIFT_COMPILATION_MODE = wholemodule;
				VALIDATE_PRODUCT = YES;
			};
			name = Release;
		};
		ABAE20092B6FF69200ECB884 /* Debug */ = {
			isa = XCBuildConfiguration;
			baseConfigurationReference = CB4185EDCBF18BC1B3F6CC08 /* Pods-FlowerLens.debug.xcconfig */;
			buildSettings = {
				ASSETCATALOG_COMPILER_APPICON_NAME = AppIcon;
				ASSETCATALOG_COMPILER_GLOBAL_ACCENT_COLOR_NAME = AccentColor;
				CODE_SIGN_STYLE = Automatic;
				CURRENT_PROJECT_VERSION = 1;
				DEVELOPMENT_TEAM = VYZGVUDFCJ;
				GENERATE_INFOPLIST_FILE = YES;
				INFOPLIST_FILE = FlowerLens/Info.plist;
				INFOPLIST_KEY_NSCameraUsageDescription = "We need your Camera!";
				INFOPLIST_KEY_UIApplicationSupportsIndirectInputEvents = YES;
				INFOPLIST_KEY_UILaunchStoryboardName = LaunchScreen;
				INFOPLIST_KEY_UIMainStoryboardFile = Main;
				INFOPLIST_KEY_UIStatusBarStyle = "";
				INFOPLIST_KEY_UISupportedInterfaceOrientations_iPad = "UIInterfaceOrientationPortrait UIInterfaceOrientationPortraitUpsideDown UIInterfaceOrientationLandscapeLeft UIInterfaceOrientationLandscapeRight";
				INFOPLIST_KEY_UISupportedInterfaceOrientations_iPhone = "UIInterfaceOrientationPortrait UIInterfaceOrientationLandscapeLeft UIInterfaceOrientationLandscapeRight";
				IPHONEOS_DEPLOYMENT_TARGET = 13.0;
				LD_RUNPATH_SEARCH_PATHS = (
					"$(inherited)",
					"@executable_path/Frameworks",
				);
				MARKETING_VERSION = 1.0;
				PRODUCT_BUNDLE_IDENTIFIER = HamedTara.ca.FlowerLens;
				PRODUCT_NAME = "$(TARGET_NAME)";
				SWIFT_EMIT_LOC_STRINGS = YES;
				SWIFT_VERSION = 5.0;
				TARGETED_DEVICE_FAMILY = "1,2";
			};
			name = Debug;
		};
		ABAE200A2B6FF69200ECB884 /* Release */ = {
			isa = XCBuildConfiguration;
			baseConfigurationReference = C4F8E49935725DCD3BFB2EB4 /* Pods-FlowerLens.release.xcconfig */;
			buildSettings = {
				ASSETCATALOG_COMPILER_APPICON_NAME = AppIcon;
				ASSETCATALOG_COMPILER_GLOBAL_ACCENT_COLOR_NAME = AccentColor;
				CODE_SIGN_STYLE = Automatic;
				CURRENT_PROJECT_VERSION = 1;
				DEVELOPMENT_TEAM = VYZGVUDFCJ;
				GENERATE_INFOPLIST_FILE = YES;
				INFOPLIST_FILE = FlowerLens/Info.plist;
				INFOPLIST_KEY_NSCameraUsageDescription = "We need your Camera!";
				INFOPLIST_KEY_UIApplicationSupportsIndirectInputEvents = YES;
				INFOPLIST_KEY_UILaunchStoryboardName = LaunchScreen;
				INFOPLIST_KEY_UIMainStoryboardFile = Main;
				INFOPLIST_KEY_UIStatusBarStyle = "";
				INFOPLIST_KEY_UISupportedInterfaceOrientations_iPad = "UIInterfaceOrientationPortrait UIInterfaceOrientationPortraitUpsideDown UIInterfaceOrientationLandscapeLeft UIInterfaceOrientationLandscapeRight";
				INFOPLIST_KEY_UISupportedInterfaceOrientations_iPhone = "UIInterfaceOrientationPortrait UIInterfaceOrientationLandscapeLeft UIInterfaceOrientationLandscapeRight";
				IPHONEOS_DEPLOYMENT_TARGET = 13.0;
				LD_RUNPATH_SEARCH_PATHS = (
					"$(inherited)",
					"@executable_path/Frameworks",
				);
				MARKETING_VERSION = 1.0;
				PRODUCT_BUNDLE_IDENTIFIER = HamedTara.ca.FlowerLens;
				PRODUCT_NAME = "$(TARGET_NAME)";
				SWIFT_EMIT_LOC_STRINGS = YES;
				SWIFT_VERSION = 5.0;
				TARGETED_DEVICE_FAMILY = "1,2";
			};
			name = Release;
		};
/* End XCBuildConfiguration section */

/* Begin XCConfigurationList section */
		ABAE1FEF2B6FF69100ECB884 /* Build configuration list for PBXProject "FlowerLens" */ = {
			isa = XCConfigurationList;
			buildConfigurations = (
				ABAE20062B6FF69200ECB884 /* Debug */,
				ABAE20072B6FF69200ECB884 /* Release */,
			);
			defaultConfigurationIsVisible = 0;
			defaultConfigurationName = Release;
		};
		ABAE20082B6FF69200ECB884 /* Build configuration list for PBXNativeTarget "FlowerLens" */ = {
			isa = XCConfigurationList;
			buildConfigurations = (
				ABAE20092B6FF69200ECB884 /* Debug */,
				ABAE200A2B6FF69200ECB884 /* Release */,
			);
			defaultConfigurationIsVisible = 0;
			defaultConfigurationName = Release;
		};
/* End XCConfigurationList section */
	};
	rootObject = ABAE1FEC2B6FF69100ECB884 /* Project object */;
}
